github.com/akamensky/argparse v0.0.0-20180801024819-0d55ac017eb9 h1:q7HRuX8oXz71tZBTc3tGNPKNkf7ntb27WxC0DeL5jn4=
github.com/akamensky/argparse v0.0.0-20180801024819-0d55ac017eb9/go.mod h1:pdh+2piXurh466J9tqIqq39/9GO2Y8nZt6Cxzu18T9A=
github.com/xabinapal/gopve v0.0.0-20181005081401-eed9d89b196b h1:/DXaidPpLLM8Z8bfMuQh84Y0OF78bRGyiXx+3Q7sE7c=
github.com/xabinapal/gopve v0.0.0-20181005081401-eed9d89b196b/go.mod h1:qvBk2EpSOmObF06E9SRtC3lPyKE/c0jxwfwuyBxUOhA=
